
Microsoft Visual Studio Solution File, Format Version 12.00
# Visual Studio Version 17
VisualStudioVersion = 17.8.34330.188
MinimumVisualStudioVersion = 10.0.40219.1
Project("{9A19103F-16F7-4668-BE54-9A1E7A4F7556}") = "Dungeon&Beavers", "Dungeon&Beavers\Dungeon&Beavers.csproj", "{1C91B0A8-04D6-4E8F-9522-3FDFB6CC7E70}"
EndProject
Global
	GlobalSection(SolutionConfigurationPlatforms) = preSolution
		Debug|Any CPU = Debug|Any CPU
		Release|Any CPU = Release|Any CPU
	EndGlobalSection
	GlobalSection(ProjectConfigurationPlatforms) = postSolution
		{1C91B0A8-04D6-4E8F-9522-3FDFB6CC7E70}.Debug|Any CPU.ActiveCfg = Debug|Any CPU
		{1C91B0A8-04D6-4E8F-9522-3FDFB6CC7E70}.Debug|Any CPU.Build.0 = Debug|Any CPU
		{1C91B0A8-04D6-4E8F-9522-3FDFB6CC7E70}.Release|Any CPU.ActiveCfg = Release|Any CPU
		{1C91B0A8-04D6-4E8F-9522-3FDFB6CC7E70}.Release|Any CPU.Build.0 = Release|Any CPU
	EndGlobalSection
	GlobalSection(SolutionProperties) = preSolution
		HideSolutionNode = FALSE
	EndGlobalSection
	GlobalSection(ExtensibilityGlobals) = postSolution
		SolutionGuid = {1D8D49F5-D61C-40ED-9926-82174C4F4921}
	EndGlobalSection
EndGlobal
